{
  "originHash" : "3fa7b7e7c3648a0f0150b12c56c7cd90cc4bd23ab9733af5db9c528656a3d0d3",
  "pins" : [
    {
      "identity" : "axswift",
      "kind" : "remoteSourceControl",
      "location" : "https://github.com/stonerl/AXSwift",
      "state" : {
        "revision" : "467ccb39efa69b6d9e49c9f3dc4482da65194781",
        "version" : "0.3.2"
      }
    },
    {
      "identity" : "compactslider",
      "kind" : "remoteSourceControl",
      "location" : "https://github.com/buh/CompactSlider",
      "state" : {
        "revision" : "52a01bd09156152881c53ba235c862e3bf5690b1",
        "version" : "2.1.0"
      }
    },
    {
      "identity" : "ifrit",
      "kind" : "remoteSourceControl",
      "location" : "https://github.com/ukushu/Ifrit",
      "state" : {
        "revision" : "7c889a67bad90c5efefa56889b2d61bfbb831473",
        "version" : "4.0.0"
      }
    },
    {
      "identity" : "launchatlogin-modern",
      "kind" : "remoteSourceControl",
      "location" : "https://github.com/sindresorhus/LaunchAtLogin-Modern",
      "state" : {
        "revision" : "a04ec1c363be3627734f6dad757d82f5d4fa8fcc",
        "version" : "1.1.0"
      }
    },
    {
      "identity" : "platformruntimekit",
      "kind" : "remoteSourceControl",
      "location" : "https://github.com/thaw-app/PlatformRuntimeKit-Releases",
      "state" : {
        "revision" : "810410432bbf845332800d29df4e808ee4bee304",
        "version" : "0.0.1"
      }
    },
    {
      "identity" : "sparkle",
      "kind" : "remoteSourceControl",
      "location" : "https://github.com/sparkle-project/Sparkle",
      "state" : {
        "revision" : "d46d456107feacc80711b21847b82b07bd9fb46e",
        "version" : "2.9.3"
      }
    }
  ],
  "version" : 3
}
