{
  "originHash" : "28dbf4c77e99bd2b5de9eb1df94b5c039ce1b33e9fe2997f400bb2221afdd5d4",
  "pins" : [
    {
      "identity" : "axswift",
      "kind" : "remoteSourceControl",
      "location" : "https://github.com/stonerl/AXSwift",
      "state" : {
        "revision" : "81dcc36aced905d6464cc25e35f8d13184bbf21c",
        "version" : "0.3.2"
      }
    },
    {
      "identity" : "compactslider",
      "kind" : "remoteSourceControl",
      "location" : "https://github.com/buh/CompactSlider",
      "state" : {
        "revision" : "52a01bd09156152881c53ba235c862e3bf5690b1",
        "version" : "2.1.0"
      }
    },
    {
      "identity" : "ifrit",
      "kind" : "remoteSourceControl",
      "location" : "https://github.com/ukushu/Ifrit",
      "state" : {
        "revision" : "7c889a67bad90c5efefa56889b2d61bfbb831473",
        "version" : "4.0.0"
      }
    },
    {
      "identity" : "launchatlogin-modern",
      "kind" : "remoteSourceControl",
      "location" : "https://github.com/sindresorhus/LaunchAtLogin-Modern",
      "state" : {
        "revision" : "a04ec1c363be3627734f6dad757d82f5d4fa8fcc",
        "version" : "1.1.0"
      }
    },
    {
      "identity" : "prk-bin",
      "kind" : "remoteSourceControl",
      "location" : "https://github.com/thaw-app/prk-bin",
      "state" : {
        "revision" : "99053646e0cb5936504f2a58b121c3840c4d148f",
        "version" : "0.0.1"
      }
    },
    {
      "identity" : "sparkle",
      "kind" : "remoteSourceControl",
      "location" : "https://github.com/sparkle-project/Sparkle",
      "state" : {
        "revision" : "d46d456107feacc80711b21847b82b07bd9fb46e",
        "version" : "2.9.3"
      }
    }
  ],
  "version" : 3
}
